
Microsoft Visual Studio Solution File, Format Version 12.00
# Visual Studio Version 16
VisualStudioVersion = 16.0.31025.194
MinimumVisualStudioVersion = 10.0.40219.1
Project("{FAE04EC0-301F-11D3-BF4B-00C04F79EFBC}") = "GB_FileManager", "GB_FileManager\GB_FileManager.csproj", "{8750F2CF-0910-442A-B7CD-84B1DFB87220}"
EndProject
Global
	GlobalSection(SolutionConfigurationPlatforms) = preSolution
		Debug|Any CPU = Debug|Any CPU
		Release|Any CPU = Release|Any CPU
	EndGlobalSection
	GlobalSection(ProjectConfigurationPlatforms) = postSolution
		{8750F2CF-0910-442A-B7CD-84B1DFB87220}.Debug|Any CPU.ActiveCfg = Debug|Any CPU
		{8750F2CF-0910-442A-B7CD-84B1DFB87220}.Debug|Any CPU.Build.0 = Debug|Any CPU
		{8750F2CF-0910-442A-B7CD-84B1DFB87220}.Release|Any CPU.ActiveCfg = Release|Any CPU
		{8750F2CF-0910-442A-B7CD-84B1DFB87220}.Release|Any CPU.Build.0 = Release|Any CPU
	EndGlobalSection
	GlobalSection(SolutionProperties) = preSolution
		HideSolutionNode = FALSE
	EndGlobalSection
	GlobalSection(ExtensibilityGlobals) = postSolution
		SolutionGuid = {B7018084-CA9E-4CAC-B774-CFC29CF4AD9A}
	EndGlobalSection
EndGlobal
